
Microsoft Visual Studio Solution File, Format Version 12.00
Project("{FAE04EC0-301F-11D3-BF4B-00C04F79EFBC}") = "OpenTl.ClientApi.MtProto", "src\OpenTl.ClientApi.MtProto\OpenTl.ClientApi.MtProto.csproj", "{94412B1F-F2C6-4D9F-9A21-71DDE8B0A8AF}"
EndProject
Project("{2150E333-8FDC-42A3-9474-1A3956D46DE8}") = "src", "src", "{D00B3015-1481-4D88-A077-9CE92D335B8A}"
EndProject
Project("{2150E333-8FDC-42A3-9474-1A3956D46DE8}") = "tests", "tests", "{010B628D-D347-4318-98DA-91E8F9E3EA01}"
EndProject
Project("{FAE04EC0-301F-11D3-BF4B-00C04F79EFBC}") = "OpenTl.ClientApi.MtProto.FunctionalTests", "tests\OpenTl.ClientApi.MtProto.FunctionalTests\OpenTl.ClientApi.MtProto.FunctionalTests.csproj", "{8E86B387-C5B4-46B2-BAFB-12BE6E05FAD0}"
EndProject
Project("{FAE04EC0-301F-11D3-BF4B-00C04F79EFBC}") = "OpenTl.ClientApi.MtProto.UnitTests", "tests\OpenTl.ClientApi.MtProto.UnitTests\OpenTl.ClientApi.MtProto.UnitTests.csproj", "{455F0307-53EC-4FE1-B4FD-5AFEAD1A026C}"
EndProject
Project("{FAE04EC0-301F-11D3-BF4B-00C04F79EFBC}") = "OpenTl.ClientApi", "src\OpenTl.ClientApi\OpenTl.ClientApi.csproj", "{C044C5EB-8B65-4FAF-8B08-9133D799AED9}"
EndProject
Project("{2150E333-8FDC-42A3-9474-1A3956D46DE8}") = "samples", "samples", "{4A6149D6-3B27-46D1-BCCC-B131C8A9D563}"
EndProject
Project("{FAE04EC0-301F-11D3-BF4B-00C04F79EFBC}") = "OpenTl.ClientApi.SampeApp", "samples\OpenTl.ClientApi.SampeApp\OpenTl.ClientApi.SampeApp.csproj", "{E0D72839-8F3E-441C-A743-60C614EAC794}"
EndProject
Project("{FAE04EC0-301F-11D3-BF4B-00C04F79EFBC}") = "OpenTl.ClientApi.FunctinonalTests", "tests\OpenTl.ClientApi.FunctinonalTests\OpenTl.ClientApi.FunctinonalTests.csproj", "{55C54274-EA9C-4DE9-82C1-6F0561712DDF}"
EndProject
Global
	GlobalSection(SolutionConfigurationPlatforms) = preSolution
		Debug|Any CPU = Debug|Any CPU
		Release|Any CPU = Release|Any CPU
	EndGlobalSection
	GlobalSection(ProjectConfigurationPlatforms) = postSolution
		{94412B1F-F2C6-4D9F-9A21-71DDE8B0A8AF}.Debug|Any CPU.ActiveCfg = Debug|Any CPU
		{94412B1F-F2C6-4D9F-9A21-71DDE8B0A8AF}.Debug|Any CPU.Build.0 = Debug|Any CPU
		{94412B1F-F2C6-4D9F-9A21-71DDE8B0A8AF}.Release|Any CPU.ActiveCfg = Release|Any CPU
		{94412B1F-F2C6-4D9F-9A21-71DDE8B0A8AF}.Release|Any CPU.Build.0 = Release|Any CPU
		{8E86B387-C5B4-46B2-BAFB-12BE6E05FAD0}.Debug|Any CPU.ActiveCfg = Debug|Any CPU
		{8E86B387-C5B4-46B2-BAFB-12BE6E05FAD0}.Debug|Any CPU.Build.0 = Debug|Any CPU
		{8E86B387-C5B4-46B2-BAFB-12BE6E05FAD0}.Release|Any CPU.ActiveCfg = Release|Any CPU
		{8E86B387-C5B4-46B2-BAFB-12BE6E05FAD0}.Release|Any CPU.Build.0 = Release|Any CPU
		{455F0307-53EC-4FE1-B4FD-5AFEAD1A026C}.Debug|Any CPU.ActiveCfg = Debug|Any CPU
		{455F0307-53EC-4FE1-B4FD-5AFEAD1A026C}.Debug|Any CPU.Build.0 = Debug|Any CPU
		{455F0307-53EC-4FE1-B4FD-5AFEAD1A026C}.Release|Any CPU.ActiveCfg = Release|Any CPU
		{455F0307-53EC-4FE1-B4FD-5AFEAD1A026C}.Release|Any CPU.Build.0 = Release|Any CPU
		{C044C5EB-8B65-4FAF-8B08-9133D799AED9}.Debug|Any CPU.ActiveCfg = Debug|Any CPU
		{C044C5EB-8B65-4FAF-8B08-9133D799AED9}.Debug|Any CPU.Build.0 = Debug|Any CPU
		{C044C5EB-8B65-4FAF-8B08-9133D799AED9}.Release|Any CPU.ActiveCfg = Release|Any CPU
		{C044C5EB-8B65-4FAF-8B08-9133D799AED9}.Release|Any CPU.Build.0 = Release|Any CPU
		{E0D72839-8F3E-441C-A743-60C614EAC794}.Debug|Any CPU.ActiveCfg = Debug|Any CPU
		{E0D72839-8F3E-441C-A743-60C614EAC794}.Debug|Any CPU.Build.0 = Debug|Any CPU
		{E0D72839-8F3E-441C-A743-60C614EAC794}.Release|Any CPU.ActiveCfg = Release|Any CPU
		{E0D72839-8F3E-441C-A743-60C614EAC794}.Release|Any CPU.Build.0 = Release|Any CPU
		{55C54274-EA9C-4DE9-82C1-6F0561712DDF}.Debug|Any CPU.ActiveCfg = Debug|Any CPU
		{55C54274-EA9C-4DE9-82C1-6F0561712DDF}.Debug|Any CPU.Build.0 = Debug|Any CPU
		{55C54274-EA9C-4DE9-82C1-6F0561712DDF}.Release|Any CPU.ActiveCfg = Release|Any CPU
		{55C54274-EA9C-4DE9-82C1-6F0561712DDF}.Release|Any CPU.Build.0 = Release|Any CPU
	EndGlobalSection
	GlobalSection(NestedProjects) = preSolution
		{94412B1F-F2C6-4D9F-9A21-71DDE8B0A8AF} = {D00B3015-1481-4D88-A077-9CE92D335B8A}
		{8E86B387-C5B4-46B2-BAFB-12BE6E05FAD0} = {010B628D-D347-4318-98DA-91E8F9E3EA01}
		{455F0307-53EC-4FE1-B4FD-5AFEAD1A026C} = {010B628D-D347-4318-98DA-91E8F9E3EA01}
		{C044C5EB-8B65-4FAF-8B08-9133D799AED9} = {D00B3015-1481-4D88-A077-9CE92D335B8A}
		{E0D72839-8F3E-441C-A743-60C614EAC794} = {4A6149D6-3B27-46D1-BCCC-B131C8A9D563}
		{55C54274-EA9C-4DE9-82C1-6F0561712DDF} = {010B628D-D347-4318-98DA-91E8F9E3EA01}
	EndGlobalSection
EndGlobal
